// !$*UTF8*$!
{
	archiveVersion = 1;
	classes = {
	};
	objectVersion = 46;
	objects = {

/* Begin PBXBuildFile section */
		AD170E651A38E784004A6798 /* AppDelegate.swift in Sources */ = {isa = PBXBuildFile; fileRef = AD170E641A38E784004A6798 /* AppDelegate.swift */; };
		AD170E671A38E784004A6798 /* ViewController.swift in Sources */ = {isa = PBXBuildFile; fileRef = AD170E661A38E784004A6798 /* ViewController.swift */; };
		AD170E6A1A38E784004A6798 /* Main.storyboard in Resources */ = {isa = PBXBuildFile; fileRef = AD170E681A38E784004A6798 /* Main.storyboard */; };
		AD170E6C1A38E784004A6798 /* Images.xcassets in Resources */ = {isa = PBXBuildFile; fileRef = AD170E6B1A38E784004A6798 /* Images.xcassets */; };
		AD170E6F1A38E784004A6798 /* LaunchScreen.xib in Resources */ = {isa = PBXBuildFile; fileRef = AD170E6D1A38E784004A6798 /* LaunchScreen.xib */; };
		AD170E7B1A38E785004A6798 /* PostcardTests.swift in Sources */ = {isa = PBXBuildFile; fileRef = AD170E7A1A38E785004A6798 /* PostcardTests.swift */; };
/* End PBXBuildFile section */

/* Begin PBXContainerItemProxy section */
		AD170E751A38E784004A6798 /* PBXContainerItemProxy */ = {
			isa = PBXContainerItemProxy;
			containerPortal = AD170E571A38E784004A6798 /* Project object */;
			proxyType = 1;
			remoteGlobalIDString = AD170E5E1A38E784004A6798;
			remoteInfo = Postcard;
		};
/* End PBXContainerItemProxy section */

/* Begin PBXFileReference section */
		AD170E5F1A38E784004A6798 /* Postcard.app */ = {isa = PBXFileReference; explicitFileType = wrapper.application; includeInIndex = 0; path = Postcard.app; sourceTree = BUILT_PRODUCTS_DIR; };
		AD170E631A38E784004A6798 /* Info.plist */ = {isa = PBXFileReference; lastKnownFileType = text.plist.xml; path = Info.plist; sourceTree = "<group>"; };
		AD170E641A38E784004A6798 /* AppDelegate.swift */ = {isa = PBXFileReference; lastKnownFileType = sourcecode.swift; path = AppDelegate.swift; sourceTree = "<group>"; };
		AD170E661A38E784004A6798 /* ViewController.swift */ = {isa = PBXFileReference; lastKnownFileType = sourcecode.swift; path = ViewController.swift; sourceTree = "<group>"; };
		AD170E691A38E784004A6798 /* Base */ = {isa = PBXFileReference; lastKnownFileType = file.storyboard; name = Base; path = Base.lproj/Main.storyboard; sourceTree = "<group>"; };
		AD170E6B1A38E784004A6798 /* Images.xcassets */ = {isa = PBXFileReference; lastKnownFileType = folder.assetcatalog; path = Images.xcassets; sourceTree = "<group>"; };
		AD170E6E1A38E784004A6798 /* Base */ = {isa = PBXFileReference; lastKnownFileType = file.xib; name = Base; path = Base.lproj/LaunchScreen.xib; sourceTree = "<group>"; };
		AD170E741A38E784004A6798 /* PostcardTests.xctest */ = {isa = PBXFileReference; explicitFileType = wrapper.cfbundle; includeInIndex = 0; path = PostcardTests.xctest; sourceTree = BUILT_PRODUCTS_DIR; };
		AD170E791A38E785004A6798 /* Info.plist */ = {isa = PBXFileReference; lastKnownFileType = text.plist.xml; path = Info.plist; sourceTree = "<group>"; };
		AD170E7A1A38E785004A6798 /* PostcardTests.swift */ = {isa = PBXFileReference; lastKnownFileType = sourcecode.swift; path = PostcardTests.swift; sourceTree = "<group>"; };
/* End PBXFileReference section */

/* Begin PBXFrameworksBuildPhase section */
		AD170E5C1A38E784004A6798 /* Frameworks */ = {
			isa = PBXFrameworksBuildPhase;
			buildActionMask = 2147483647;
			files = (
			);
			runOnlyForDeploymentPostprocessing = 0;
		};
		AD170E711A38E784004A6798 /* Frameworks */ = {
			isa = PBXFrameworksBuildPhase;
			buildActionMask = 2147483647;
			files = (
			);
			runOnlyForDeploymentPostprocessing = 0;
		};
/* End PBXFrameworksBuildPhase section */

/* Begin PBXGroup section */
		AD170E561A38E784004A6798 = {
			isa = PBXGroup;
			children = (
				AD170E611A38E784004A6798 /* Postcard */,
				AD170E771A38E784004A6798 /* PostcardTests */,
				AD170E601A38E784004A6798 /* Products */,
			);
			sourceTree = "<group>";
		};
		AD170E601A38E784004A6798 /* Products */ = {
			isa = PBXGroup;
			children = (
				AD170E5F1A38E784004A6798 /* Postcard.app */,
				AD170E741A38E784004A6798 /* PostcardTests.xctest */,
			);
			name = Products;
			sourceTree = "<group>";
		};
		AD170E611A38E784004A6798 /* Postcard */ = {
			isa = PBXGroup;
			children = (
				AD170E641A38E784004A6798 /* AppDelegate.swift */,
				AD170E661A38E784004A6798 /* ViewController.swift */,
				AD170E681A38E784004A6798 /* Main.storyboard */,
				AD170E6B1A38E784004A6798 /* Images.xcassets */,
				AD170E6D1A38E784004A6798 /* LaunchScreen.xib */,
				AD170E621A38E784004A6798 /* Supporting Files */,
			);
			path = Postcard;
			sourceTree = "<group>";
		};
		AD170E621A38E784004A6798 /* Supporting Files */ = {
			isa = PBXGroup;
			children = (
				AD170E631A38E784004A6798 /* Info.plist */,
			);
			name = "Supporting Files";
			sourceTree = "<group>";
		};
		AD170E771A38E784004A6798 /* PostcardTests */ = {
			isa = PBXGroup;
			children = (
				AD170E7A1A38E785004A6798 /* PostcardTests.swift */,
				AD170E781A38E784004A6798 /* Supporting Files */,
			);
			path = PostcardTests;
			sourceTree = "<group>";
		};
		AD170E781A38E784004A6798 /* Supporting Files */ = {
			isa = PBXGroup;
			children = (
				AD170E791A38E785004A6798 /* Info.plist */,
			);
			name = "Supporting Files";
			sourceTree = "<group>";
		};
/* End PBXGroup section */

/* Begin PBXNativeTarget section */
		AD170E5E1A38E784004A6798 /* Postcard */ = {
			isa = PBXNativeTarget;
			buildConfigurationList = AD170E7E1A38E785004A6798 /* Build configuration list for PBXNativeTarget "Postcard" */;
			buildPhases = (
				AD170E5B1A38E784004A6798 /* Sources */,
				AD170E5C1A38E784004A6798 /* Frameworks */,
				AD170E5D1A38E784004A6798 /* Resources */,
			);
			buildRules = (
			);
			dependencies = (
			);
			name = Postcard;
			productName = Postcard;
			productReference = AD170E5F1A38E784004A6798 /* Postcard.app */;
			productType = "com.apple.product-type.application";
		};
		AD170E731A38E784004A6798 /* PostcardTests */ = {
			isa = PBXNativeTarget;
			buildConfigurationList = AD170E811A38E785004A6798 /* Build configuration list for PBXNativeTarget "PostcardTests" */;
			buildPhases = (
				AD170E701A38E784004A6798 /* Sources */,
				AD170E711A38E784004A6798 /* Frameworks */,
				AD170E721A38E784004A6798 /* Resources */,
			);
			buildRules = (
			);
			dependencies = (
				AD170E761A38E784004A6798 /* PBXTargetDependency */,
			);
			name = PostcardTests;
			productName = PostcardTests;
			productReference = AD170E741A38E784004A6798 /* PostcardTests.xctest */;
			productType = "com.apple.product-type.bundle.unit-test";
		};
/* End PBXNativeTarget section */

/* Begin PBXProject section */
		AD170E571A38E784004A6798 /* Project object */ = {
			isa = PBXProject;
			attributes = {
				LastUpgradeCheck = 0610;
				ORGANIZATIONNAME = "Charlie Parrish";
				TargetAttributes = {
					AD170E5E1A38E784004A6798 = {
						CreatedOnToolsVersion = 6.1;
					};
					AD170E731A38E784004A6798 = {
						CreatedOnToolsVersion = 6.1;
						TestTargetID = AD170E5E1A38E784004A6798;
					};
				};
			};
			buildConfigurationList = AD170E5A1A38E784004A6798 /* Build configuration list for PBXProject "Postcard" */;
			compatibilityVersion = "Xcode 3.2";
			developmentRegion = English;
			hasScannedForEncodings = 0;
			knownRegions = (
				en,
				Base,
			);
			mainGroup = AD170E561A38E784004A6798;
			productRefGroup = AD170E601A38E784004A6798 /* Products */;
			projectDirPath = "";
			projectRoot = "";
			targets = (
				AD170E5E1A38E784004A6798 /* Postcard */,
				AD170E731A38E784004A6798 /* PostcardTests */,
			);
		};
/* End PBXProject section */

/* Begin PBXResourcesBuildPhase section */
		AD170E5D1A38E784004A6798 /* Resources */ = {
			isa = PBXResourcesBuildPhase;
			buildActionMask = 2147483647;
			files = (
				AD170E6A1A38E784004A6798 /* Main.storyboard in Resources */,
				AD170E6F1A38E784004A6798 /* LaunchScreen.xib in Resources */,
				AD170E6C1A38E784004A6798 /* Images.xcassets in Resources */,
			);
			runOnlyForDeploymentPostprocessing = 0;
		};
		AD170E721A38E784004A6798 /* Resources */ = {
			isa = PBXResourcesBuildPhase;
			buildActionMask = 2147483647;
			files = (
			);
			runOnlyForDeploymentPostprocessing = 0;
		};
/* End PBXResourcesBuildPhase section */

/* Begin PBXSourcesBuildPhase section */
		AD170E5B1A38E784004A6798 /* Sources */ = {
			isa = PBXSourcesBuildPhase;
			buildActionMask = 2147483647;
			files = (
				AD170E671A38E784004A6798 /* ViewController.swift in Sources */,
				AD170E651A38E784004A6798 /* AppDelegate.swift in Sources */,
			);
			runOnlyForDeploymentPostprocessing = 0;
		};
		AD170E701A38E784004A6798 /* Sources */ = {
			isa = PBXSourcesBuildPhase;
			buildActionMask = 2147483647;
			files = (
				AD170E7B1A38E785004A6798 /* PostcardTests.swift in Sources */,
			);
			runOnlyForDeploymentPostprocessing = 0;
		};
/* End PBXSourcesBuildPhase section */

/* Begin PBXTargetDependency section */
		AD170E761A38E784004A6798 /* PBXTargetDependency */ = {
			isa = PBXTargetDependency;
			target = AD170E5E1A38E784004A6798 /* Postcard */;
			targetProxy = AD170E751A38E784004A6798 /* PBXContainerItemProxy */;
		};
/* End PBXTargetDependency section */

/* Begin PBXVariantGroup section */
		AD170E681A38E784004A6798 /* Main.storyboard */ = {
			isa = PBXVariantGroup;
			children = (
				AD170E691A38E784004A6798 /* Base */,
			);
			name = Main.storyboard;
			sourceTree = "<group>";
		};
		AD170E6D1A38E784004A6798 /* LaunchScreen.xib */ = {
			isa = PBXVariantGroup;
			children = (
				AD170E6E1A38E784004A6798 /* Base */,
			);
			name = LaunchScreen.xib;
			sourceTree = "<group>";
		};
/* End PBXVariantGroup section */

/* Begin XCBuildConfiguration section */
		AD170E7C1A38E785004A6798 /* Debug */ = {
			isa = XCBuildConfiguration;
			buildSettings = {
				ALWAYS_SEARCH_USER_PATHS = NO;
				CLANG_CXX_LANGUAGE_STANDARD = "gnu++0x";
				CLANG_CXX_LIBRARY = "libc++";
				CLANG_ENABLE_MODULES = YES;
				CLANG_ENABLE_OBJC_ARC = YES;
				CLANG_WARN_BOOL_CONVERSION = YES;
				CLANG_WARN_CONSTANT_CONVERSION = YES;
				CLANG_WARN_DIRECT_OBJC_ISA_USAGE = YES_ERROR;
				CLANG_WARN_EMPTY_BODY = YES;
				CLANG_WARN_ENUM_CONVERSION = YES;
				CLANG_WARN_INT_CONVERSION = YES;
				CLANG_WARN_OBJC_ROOT_CLASS = YES_ERROR;
				CLANG_WARN_UNREACHABLE_CODE = YES;
				CLANG_WARN__DUPLICATE_METHOD_MATCH = YES;
				"CODE_SIGN_IDENTITY[sdk=iphoneos*]" = "iPhone Developer";
				COPY_PHASE_STRIP = NO;
				ENABLE_STRICT_OBJC_MSGSEND = YES;
				GCC_C_LANGUAGE_STANDARD = gnu99;
				GCC_DYNAMIC_NO_PIC = NO;
				GCC_OPTIMIZATION_LEVEL = 0;
				GCC_PREPROCESSOR_DEFINITIONS = (
					"DEBUG=1",
					"$(inherited)",
				);
				GCC_SYMBOLS_PRIVATE_EXTERN = NO;
				GCC_WARN_64_TO_32_BIT_CONVERSION = YES;
				GCC_WARN_ABOUT_RETURN_TYPE = YES_ERROR;
				GCC_WARN_UNDECLARED_SELECTOR = YES;
				GCC_WARN_UNINITIALIZED_AUTOS = YES_AGGRESSIVE;
				GCC_WARN_UNUSED_FUNCTION = YES;
				GCC_WARN_UNUSED_VARIABLE = YES;
				IPHONEOS_DEPLOYMENT_TARGET = 8.1;
				MTL_ENABLE_DEBUG_INFO = YES;
				ONLY_ACTIVE_ARCH = YES;
				SDKROOT = iphoneos;
				SWIFT_OPTIMIZATION_LEVEL = "-Onone";
				TARGETED_DEVICE_FAMILY = "1,2";
			};
			name = Debug;
		};
		AD170E7D1A38E785004A6798 /* Release */ = {
			isa = XCBuildConfiguration;
			buildSettings = {
				ALWAYS_SEARCH_USER_PATHS = NO;
				CLANG_CXX_LANGUAGE_STANDARD = "gnu++0x";
				CLANG_CXX_LIBRARY = "libc++";
				CLANG_ENABLE_MODULES = YES;
				CLANG_ENABLE_OBJC_ARC = YES;
				CLANG_WARN_BOOL_CONVERSION = YES;
				CLANG_WARN_CONSTANT_CONVERSION = YES;
				CLANG_WARN_DIRECT_OBJC_ISA_USAGE = YES_ERROR;
				CLANG_WARN_EMPTY_BODY = YES;
				CLANG_WARN_ENUM_CONVERSION = YES;
				CLANG_WARN_INT_CONVERSION = YES;
				CLANG_WARN_OBJC_ROOT_CLASS = YES_ERROR;
				CLANG_WARN_UNREACHABLE_CODE = YES;
				CLANG_WARN__DUPLICATE_METHOD_MATCH = YES;
				"CODE_SIGN_IDENTITY[sdk=iphoneos*]" = "iPhone Developer";
				COPY_PHASE_STRIP = YES;
				ENABLE_NS_ASSERTIONS = NO;
				ENABLE_STRICT_OBJC_MSGSEND = YES;
				GCC_C_LANGUAGE_STANDARD = gnu99;
				GCC_WARN_64_TO_32_BIT_CONVERSION = YES;
				GCC_WARN_ABOUT_RETURN_TYPE = YES_ERROR;
				GCC_WARN_UNDECLARED_SELECTOR = YES;
				GCC_WARN_UNINITIALIZED_AUTOS = YES_AGGRESSIVE;
				GCC_WARN_UNUSED_FUNCTION = YES;
				GCC_WARN_UNUSED_VARIABLE = YES;
				IPHONEOS_DEPLOYMENT_TARGET = 8.1;
				MTL_ENABLE_DEBUG_INFO = NO;
				SDKROOT = iphoneos;
				TARGETED_DEVICE_FAMILY = "1,2";
				VALIDATE_PRODUCT = YES;
			};
			name = Release;
		};
		AD170E7F1A38E785004A6798 /* Debug */ = {
			isa = XCBuildConfiguration;
			buildSettings = {
				ASSETCATALOG_COMPILER_APPICON_NAME = AppIcon;
				INFOPLIST_FILE = Postcard/Info.plist;
				LD_RUNPATH_SEARCH_PATHS = "$(inherited) @executable_path/Frameworks";
				PRODUCT_NAME = "$(TARGET_NAME)";
			};
			name = Debug;
		};
		AD170E801A38E785004A6798 /* Release */ = {
			isa = XCBuildConfiguration;
			buildSettings = {
				ASSETCATALOG_COMPILER_APPICON_NAME = AppIcon;
				INFOPLIST_FILE = Postcard/Info.plist;
				LD_RUNPATH_SEARCH_PATHS = "$(inherited) @executable_path/Frameworks";
				PRODUCT_NAME = "$(TARGET_NAME)";
			};
			name = Release;
		};
		AD170E821A38E785004A6798 /* Debug */ = {
			isa = XCBuildConfiguration;
			buildSettings = {
				BUNDLE_LOADER = "$(TEST_HOST)";
				FRAMEWORK_SEARCH_PATHS = (
					"$(SDKROOT)/Developer/Library/Frameworks",
					"$(inherited)",
				);
				GCC_PREPROCESSOR_DEFINITIONS = (
					"DEBUG=1",
					"$(inherited)",
				);
				INFOPLIST_FILE = PostcardTests/Info.plist;
				LD_RUNPATH_SEARCH_PATHS = "$(inherited) @executable_path/Frameworks @loader_path/Frameworks";
				PRODUCT_NAME = "$(TARGET_NAME)";
				TEST_HOST = "$(BUILT_PRODUCTS_DIR)/Postcard.app/Postcard";
			};
			name = Debug;
		};
		AD170E831A38E785004A6798 /* Release */ = {
			isa = XCBuildConfiguration;
			buildSettings = {
				BUNDLE_LOADER = "$(TEST_HOST)";
				FRAMEWORK_SEARCH_PATHS = (
					"$(SDKROOT)/Developer/Library/Frameworks",
					"$(inherited)",
				);
				INFOPLIST_FILE = PostcardTests/Info.plist;
				LD_RUNPATH_SEARCH_PATHS = "$(inherited) @executable_path/Frameworks @loader_path/Frameworks";
				PRODUCT_NAME = "$(TARGET_NAME)";
				TEST_HOST = "$(BUILT_PRODUCTS_DIR)/Postcard.app/Postcard";
			};
			name = Release;
		};
/* End XCBuildConfiguration section */

/* Begin XCConfigurationList section */
		AD170E5A1A38E784004A6798 /* Build configuration list for PBXProject "Postcard" */ = {
			isa = XCConfigurationList;
			buildConfigurations = (
				AD170E7C1A38E785004A6798 /* Debug */,
				AD170E7D1A38E785004A6798 /* Release */,
			);
			defaultConfigurationIsVisible = 0;
			defaultConfigurationName = Release;
		};
		AD170E7E1A38E785004A6798 /* Build configuration list for PBXNativeTarget "Postcard" */ = {
			isa = XCConfigurationList;
			buildConfigurations = (
				AD170E7F1A38E785004A6798 /* Debug */,
				AD170E801A38E785004A6798 /* Release */,
			);
			defaultConfigurationIsVisible = 0;
		};
		AD170E811A38E785004A6798 /* Build configuration list for PBXNativeTarget "PostcardTests" */ = {
			isa = XCConfigurationList;
			buildConfigurations = (
				AD170E821A38E785004A6798 /* Debug */,
				AD170E831A38E785004A6798 /* Release */,
			);
			defaultConfigurationIsVisible = 0;
		};
/* End XCConfigurationList section */
	};
	rootObject = AD170E571A38E784004A6798 /* Project object */;
}
